
Microsoft Visual Studio Solution File, Format Version 12.00
# Visual Studio Version 16
VisualStudioVersion = 16.0.30320.27
MinimumVisualStudioVersion = 10.0.40219.1
Project("{FAE04EC0-301F-11D3-BF4B-00C04F79EFBC}") = "MonsterRacing20203", "MonsterRacing20203\MonsterRacing20203.csproj", "{1B04D22B-1E75-4E7A-B3C3-6259089D6A5B}"
EndProject
Global
	GlobalSection(SolutionConfigurationPlatforms) = preSolution
		Debug|Any CPU = Debug|Any CPU
		Release|Any CPU = Release|Any CPU
	EndGlobalSection
	GlobalSection(ProjectConfigurationPlatforms) = postSolution
		{1B04D22B-1E75-4E7A-B3C3-6259089D6A5B}.Debug|Any CPU.ActiveCfg = Debug|Any CPU
		{1B04D22B-1E75-4E7A-B3C3-6259089D6A5B}.Debug|Any CPU.Build.0 = Debug|Any CPU
		{1B04D22B-1E75-4E7A-B3C3-6259089D6A5B}.Release|Any CPU.ActiveCfg = Release|Any CPU
		{1B04D22B-1E75-4E7A-B3C3-6259089D6A5B}.Release|Any CPU.Build.0 = Release|Any CPU
	EndGlobalSection
	GlobalSection(SolutionProperties) = preSolution
		HideSolutionNode = FALSE
	EndGlobalSection
	GlobalSection(ExtensibilityGlobals) = postSolution
		SolutionGuid = {0B9A28AE-393E-4C1C-9391-A0E96217DA58}
	EndGlobalSection
EndGlobal
